# This file is automatically @generated by Cargo.
# It is not intended for manual editing.
version = 4

[[package]]
name = "aho-corasick"
version = "1.1.4"
source = "registry+https://github.com/rust-lang/crates.io-index"
checksum = "ddd31a130427c27518df266943a5308ed92d4b226cc639f5a8f1002816174301"
dependencies = [
 "memchr",
]

[[package]]
name = "anstream"
version = "0.6.21"
source = "registry+https://github.com/rust-lang/crates.io-index"
checksum = "43d5b281e737544384e969a5ccad3f1cdd24b48086a0fc1b2a5262a26b8f4f4a"
dependencies = [
 "anstyle",
 "anstyle-parse",
 "anstyle-query",
 "anstyle-wincon",
 "colorchoice",
 "is_terminal_polyfill",
 "utf8parse",
]

[[package]]
name = "anstyle"
version = "1.0.13"
source = "registry+https://github.com/rust-lang/crates.io-index"
checksum = "5192cca8006f1fd4f7237516f40fa183bb07f8fbdfedaa0036de5ea9b0b45e78"

[[package]]
name = "anstyle-parse"
version = "0.2.7"
source = "registry+https://github.com/rust-lang/crates.io-index"
checksum = "4e7644824f0aa2c7b9384579234ef10eb7efb6a0deb83f9630a49594dd9c15c2"
dependencies = [
 "utf8parse",
]

[[package]]
name = "anstyle-query"
version = "1.1.5"
source = "registry+https://github.com/rust-lang/crates.io-index"
checksum = "40c48f72fd53cd289104fc64099abca73db4166ad86ea0b4341abe65af83dadc"
dependencies = [
 "windows-sys",
]

[[package]]
name = "anstyle-wincon"
version = "3.0.11"
source = "registry+https://github.com/rust-lang/crates.io-index"
checksum = "291e6a250ff86cd4a820112fb8898808a366d8f9f58ce16d1f538353ad55747d"
dependencies = [
 "anstyle",
 "once_cell_polyfill",
 "windows-sys",
]

[[package]]
name = "autocfg"
version = "1.5.0"
source = "registry+https://github.com/rust-lang/crates.io-index"
checksum = "c08606f8c3cbf4ce6ec8e28fb0014a2c086708fe954eaa885384a6165172e7e8"

[[package]]
name = "az"
version = "1.2.1"
source = "registry+https://github.com/rust-lang/crates.io-index"
checksum = "7b7e4c2464d97fe331d41de9d5db0def0a96f4d823b8b32a2efd503578988973"

[[package]]
name = "bindgen"
version = "0.72.1"
source = "registry+https://github.com/rust-lang/crates.io-index"
checksum = "993776b509cfb49c750f11b8f07a46fa23e0a1386ffc01fb1e7d343efc387895"
dependencies = [
 "bitflags 2.10.0",
 "cexpr",
 "clang-sys",
 "itertools",
 "log",
 "prettyplease",
 "proc-macro2",
 "quote",
 "regex",
 "rustc-hash",
 "shlex",
 "syn",
]

[[package]]
name = "bit_field"
version = "0.10.3"
source = "registry+https://github.com/rust-lang/crates.io-index"
checksum = "1e4b40c7323adcfc0a41c4b88143ed58346ff65a288fc144329c5c45e05d70c6"

[[package]]
name = "bitflags"
version = "1.3.2"
source = "registry+https://github.com/rust-lang/crates.io-index"
checksum = "bef38d45163c2f1dde094a7dfd33ccf595c92905c8f8f4fdc18d06fb1037718a"

[[package]]
name = "bitflags"
version = "2.10.0"
source = "registry+https://github.com/rust-lang/crates.io-index"
checksum = "812e12b5285cc515a9c72a5c1d3b6d46a19dac5acfef5265968c166106e31dd3"

[[package]]
name = "byteorder"
version = "1.5.0"
source = "registry+https://github.com/rust-lang/crates.io-index"
checksum = "1fd0f2584146f6f2ef48085050886acf353beff7305ebd1ae69500e27c67f64b"

[[package]]
name = "cbindgen"
version = "0.29.2"
source = "registry+https://github.com/rust-lang/crates.io-index"
checksum = "befbfd072a8e81c02f8c507aefce431fe5e7d051f83d48a23ffc9b9fe5a11799"
dependencies = [
 "clap",
 "heck",
 "indexmap",
 "log",
 "proc-macro2",
 "quote",
 "serde",
 "serde_json",
 "syn",
 "tempfile",
 "toml",
]

[[package]]
name = "cexpr"
version = "0.6.0"
source = "registry+https://github.com/rust-lang/crates.io-index"
checksum = "6fac387a98bb7c37292057cffc56d62ecb629900026402633ae9160df93a8766"
dependencies = [
 "nom",
]

[[package]]
name = "cfg-if"
version = "1.0.4"
source = "registry+https://github.com/rust-lang/crates.io-index"
checksum = "9330f8b2ff13f34540b44e946ef35111825727b38d33286ef986142615121801"

[[package]]
name = "clang-sys"
version = "1.8.1"
source = "registry+https://github.com/rust-lang/crates.io-index"
checksum = "0b023947811758c97c59bf9d1c188fd619ad4718dcaa767947df1cadb14f39f4"
dependencies = [
 "glob",
 "libc",
 "libloading",
]

[[package]]
name = "clap"
version = "4.5.53"
source = "registry+https://github.com/rust-lang/crates.io-index"
checksum = "c9e340e012a1bf4935f5282ed1436d1489548e8f72308207ea5df0e23d2d03f8"
dependencies = [
 "clap_builder",
]

[[package]]
name = "clap_builder"
version = "4.5.53"
source = "registry+https://github.com/rust-lang/crates.io-index"
checksum = "d76b5d13eaa18c901fd2f7fca939fefe3a0727a953561fefdf3b2922b8569d00"
dependencies = [
 "anstream",
 "anstyle",
 "clap_lex",
 "strsim",
]

[[package]]
name = "clap_lex"
version = "0.7.6"
source = "registry+https://github.com/rust-lang/crates.io-index"
checksum = "a1d728cc89cf3aee9ff92b05e62b19ee65a02b5702cff7d5a377e32c6ae29d8d"

[[package]]
name = "colorchoice"
version = "1.0.4"
source = "registry+https://github.com/rust-lang/crates.io-index"
checksum = "b05b61dc5112cbb17e4b6cd61790d9845d13888356391624cbe7e41efeac1e75"

[[package]]
name = "eg-seven-segment"
version = "0.2.0"
source = "registry+https://github.com/rust-lang/crates.io-index"
checksum = "7e7d2f54ed234b333c71865c641906175a0d58bf366534ba5b8ded74b524b87b"
dependencies = [
 "bitflags 2.10.0",
 "embedded-graphics",
]

[[package]]
name = "either"
version = "1.15.0"
source = "registry+https://github.com/rust-lang/crates.io-index"
checksum = "48c757948c5ede0e46177b7add2e67155f70e33c07fea8284df6576da70b3719"

[[package]]
name = "elf"
version = "0.7.4"
source = "registry+https://github.com/rust-lang/crates.io-index"
checksum = "4445909572dbd556c457c849c4ca58623d84b27c8fff1e74b0b4227d8b90d17b"

[[package]]
name = "embedded-canvas"
version = "0.3.2"
source = "registry+https://github.com/rust-lang/crates.io-index"
checksum = "ed0fba0d40501edab5bf9badf7ef801aed58d492af51031b25f197f1c763b5d4"
dependencies = [
 "embedded-graphics",
 "embedded-graphics-core",
]

[[package]]
name = "embedded-graphics"
version = "0.8.1"
source = "registry+https://github.com/rust-lang/crates.io-index"
checksum = "0649998afacf6d575d126d83e68b78c0ab0e00ca2ac7e9b3db11b4cbe8274ef0"
dependencies = [
 "az",
 "byteorder",
 "embedded-graphics-core",
 "float-cmp",
 "micromath",
]

[[package]]
name = "embedded-graphics-core"
version = "0.4.0"
source = "registry+https://github.com/rust-lang/crates.io-index"
checksum = "ba9ecd261f991856250d2207f6d8376946cd9f412a2165d3b75bc87a0bc7a044"
dependencies = [
 "az",
 "byteorder",
]

[[package]]
name = "embedded-layout"
version = "0.4.2"
source = "registry+https://github.com/rust-lang/crates.io-index"
checksum = "9a90553247f2b05c59ac7894ea13d830636c2b1203fa03bff400eddbd1fa9f52"
dependencies = [
 "embedded-graphics",
 "embedded-layout-macros",
]

[[package]]
name = "embedded-layout-macros"
version = "0.3.1"
source = "registry+https://github.com/rust-lang/crates.io-index"
checksum = "4f6e621fe4c7e05b695274b722dc0a60bacd1c8696b58191baa0154713d52400"
dependencies = [
 "proc-macro2",
 "quote",
 "syn",
]

[[package]]
name = "eni-player"
version = "0.1.0"
dependencies = [
 "eg-seven-segment",
 "embedded-canvas",
 "embedded-graphics",
 "embedded-layout",
 "noct-audio",
 "noct-fs",
 "noct-input",
 "noct-logger",
 "noct-sched",
 "noct-screen",
 "noct-timer",
 "noct-tty",
 "nwav",
 "spin 0.10.0",
]

[[package]]
name = "equivalent"
version = "1.0.2"
source = "registry+https://github.com/rust-lang/crates.io-index"
checksum = "877a4ace8713b0bcf2a4e7eec82529c029f1d0619886d18145fea96c3ffe5c0f"

[[package]]
name = "errno"
version = "0.3.14"
source = "registry+https://github.com/rust-lang/crates.io-index"
checksum = "39cab71617ae0d63f51a36d69f866391735b51691dbda63cf6f96d042b63efeb"
dependencies = [
 "libc",
 "windows-sys",
]

[[package]]
name = "fastrand"
version = "2.3.0"
source = "registry+https://github.com/rust-lang/crates.io-index"
checksum = "37909eebbb50d72f9059c3b6d82c0463f2ff062c9e95845c43a6c9c0355411be"

[[package]]
name = "fatfs"
version = "0.4.0"
source = "git+https://github.com/rafalh/rust-fatfs#4eccb50d011146fbed20e133d33b22f3c27292e7"
dependencies = [
 "bitflags 2.10.0",
 "log",
]

[[package]]
name = "float-cmp"
version = "0.9.0"
source = "registry+https://github.com/rust-lang/crates.io-index"
checksum = "98de4bbd547a563b716d8dfa9aad1cb19bfab00f4fa09a6a4ed21dbcf44ce9c4"
dependencies = [
 "num-traits",
]

[[package]]
name = "getrandom"
version = "0.3.4"
source = "registry+https://github.com/rust-lang/crates.io-index"
checksum = "899def5c37c4fd7b2664648c28120ecec138e4d395b459e5ca34f9cce2dd77fd"
dependencies = [
 "cfg-if",
 "libc",
 "r-efi",
 "wasip2",
]

[[package]]
name = "glob"
version = "0.3.3"
source = "registry+https://github.com/rust-lang/crates.io-index"
checksum = "0cc23270f6e1808e30a928bdc84dea0b9b4136a8bc82338574f23baf47bbd280"

[[package]]
name = "hashbrown"
version = "0.16.1"
source = "registry+https://github.com/rust-lang/crates.io-index"
checksum = "841d1cc9bed7f9236f321df977030373f4a4163ae1a7dbfe1a51a2c1a51d9100"

[[package]]
name = "heck"
version = "0.5.0"
source = "registry+https://github.com/rust-lang/crates.io-index"
checksum = "2304e00983f87ffb38b55b444b5e3b60a884b5d30c0fca7d82fe33449bbe55ea"

[[package]]
name = "indexmap"
version = "2.12.1"
source = "registry+https://github.com/rust-lang/crates.io-index"
checksum = "0ad4bb2b565bca0645f4d68c5c9af97fba094e9791da685bf83cb5f3ce74acf2"
dependencies = [
 "equivalent",
 "hashbrown",
]

[[package]]
name = "is_terminal_polyfill"
version = "1.70.2"
source = "registry+https://github.com/rust-lang/crates.io-index"
checksum = "a6cb138bb79a146c1bd460005623e142ef0181e3d0219cb493e02f7d08a35695"

[[package]]
name = "iso9660_simple"
version = "0.2.2"
source = "registry+https://github.com/rust-lang/crates.io-index"
checksum = "4fd4136623cebeb4c920013e44bab0db4b1a209fd3c94171921b38f986acc20f"
dependencies = [
 "bitflags 2.10.0",
 "ucs2",
]

[[package]]
name = "itertools"
version = "0.13.0"
source = "registry+https://github.com/rust-lang/crates.io-index"
checksum = "413ee7dfc52ee1a4949ceeb7dbc8a33f2d6c088194d9f922fb8318faf1f01186"
dependencies = [
 "either",
]

[[package]]
name = "itoa"
version = "1.0.17"
source = "registry+https://github.com/rust-lang/crates.io-index"
checksum = "92ecc6618181def0457392ccd0ee51198e065e016d1d527a7ac1b6dc7c1f09d2"

[[package]]
name = "lazy_static"
version = "1.5.0"
source = "registry+https://github.com/rust-lang/crates.io-index"
checksum = "bbd2bcb4c963f2ddae06a2efc7e9f3591312473c50c6685e1f298068316e66fe"
dependencies = [
 "spin 0.9.8",
]

[[package]]
name = "libc"
version = "0.2.178"
source = "registry+https://github.com/rust-lang/crates.io-index"
checksum = "37c93d8daa9d8a012fd8ab92f088405fb202ea0b6ab73ee2482ae66af4f42091"

[[package]]
name = "libloading"
version = "0.8.9"
source = "registry+https://github.com/rust-lang/crates.io-index"
checksum = "d7c4b02199fee7c5d21a5ae7d8cfa79a6ef5bb2fc834d6e9058e89c825efdc55"
dependencies = [
 "cfg-if",
 "windows-link",
]

[[package]]
name = "linux-raw-sys"
version = "0.11.0"
source = "registry+https://github.com/rust-lang/crates.io-index"
checksum = "df1d3c3b53da64cf5760482273a98e575c651a67eec7f77df96b5b642de8f039"

[[package]]
name = "lock_api"
version = "0.4.14"
source = "registry+https://github.com/rust-lang/crates.io-index"
checksum = "224399e74b87b5f3557511d98dff8b14089b3dadafcab6bb93eab67d3aace965"
dependencies = [
 "scopeguard",
]

[[package]]
name = "log"
version = "0.4.29"
source = "registry+https://github.com/rust-lang/crates.io-index"
checksum = "5e5032e24019045c762d3c0f28f5b6b8bbf38563a65908389bf7978758920897"

[[package]]
name = "memchr"
version = "2.7.6"
source = "registry+https://github.com/rust-lang/crates.io-index"
checksum = "f52b00d39961fc5b2736ea853c9cc86238e165017a493d1d5c8eac6bdc4cc273"

[[package]]
name = "micromath"
version = "2.1.0"
source = "registry+https://github.com/rust-lang/crates.io-index"
checksum = "c3c8dda44ff03a2f238717214da50f65d5a53b45cd213a7370424ffdb6fae815"

[[package]]
name = "minimal-lexical"
version = "0.2.1"
source = "registry+https://github.com/rust-lang/crates.io-index"
checksum = "68354c5c6bd36d73ff3feceb05efa59b6acb7626617f4962be322a825e61f79a"

[[package]]
name = "nimage"
version = "0.1.10"
source = "git+https://github.com/NDRAEY/nimage#c1021e1b9b043ad07b1a4e80427d03e9404f0e56"
dependencies = [
 "tinytga",
]

[[package]]
name = "no_std_io"
version = "0.6.0"
source = "registry+https://github.com/rust-lang/crates.io-index"
checksum = "7fa5f306a6f2c01b4fd172f29bb46195b1764061bf926c75e96ff55df3178208"
dependencies = [
 "memchr",
]

[[package]]
name = "noct-alloc"
version = "0.1.0"

[[package]]
name = "noct-audio"
version = "0.1.0"
dependencies = [
 "cbindgen",
 "noct-il",
 "noct-logger",
]

[[package]]
name = "noct-diskman"
version = "0.1.0"
dependencies = [
 "cbindgen",
 "lazy_static",
 "noct-logger",
 "noct-mbr",
 "num-derive",
 "num-traits",
 "spin 0.10.0",
]

[[package]]
name = "noct-elfloader"
version = "0.1.0"
dependencies = [
 "elf",
 "noct-fs",
 "noct-ksymparser",
 "noct-logger",
 "noct-physmem",
]

[[package]]
name = "noct-fatfs"
version = "0.1.0"
dependencies = [
 "cbindgen",
 "fatfs",
 "noct-diskman",
 "noct-fs-sys",
 "noct-logger",
 "noct-path",
 "noct-timer",
 "noct-tools",
]

[[package]]
name = "noct-fileio"
version = "0.1.0"
dependencies = [
 "bindgen",
]

[[package]]
name = "noct-fs"
version = "0.1.0"
dependencies = [
 "bindgen",
]

[[package]]
name = "noct-fs-sys"
version = "0.1.0"
dependencies = [
 "bindgen",
 "noct-logger",
]

[[package]]
name = "noct-il"
version = "0.1.0"
dependencies = [
 "lazy_static",
 "noct-timer",
 "spin 0.10.0",
]

[[package]]
name = "noct-input"
version = "0.1.0"
dependencies = [
 "cbindgen",
 "noct-logger",
 "noct-sched",
 "spin 0.10.0",
]

[[package]]
name = "noct-interrupts"
version = "0.1.0"
dependencies = [
 "bindgen",
]

[[package]]
name = "noct-io"
version = "0.1.0"

[[package]]
name = "noct-ipc"
version = "0.1.0"
dependencies = [
 "noct-sched",
 "spin 0.10.0",
]

[[package]]
name = "noct-iso9660"
version = "0.1.0"
dependencies = [
 "cbindgen",
 "iso9660_simple",
 "noct-diskman",
 "noct-fs-sys",
 "noct-logger",
 "noct-tools",
]

[[package]]
name = "noct-ksymparser"
version = "0.1.0"
dependencies = [
 "noct-logger",
]

[[package]]
name = "noct-logger"
version = "0.1.0"
dependencies = [
 "lazy_static",
 "spin 0.10.0",
]

[[package]]
name = "noct-mbr"
version = "0.1.0"

[[package]]
name = "noct-mem"
version = "0.1.0"

[[package]]
name = "noct-noctfs"
version = "0.1.0"
dependencies = [
 "cbindgen",
 "no_std_io",
 "noct-diskman",
 "noct-fs-sys",
 "noct-logger",
 "noctfs",
]

[[package]]
name = "noct-nvfs"
version = "0.1.0"
dependencies = [
 "bindgen",
 "cbindgen",
 "noct-fs",
 "noct-fs-sys",
 "noct-logger",
]

[[package]]
name = "noct-path"
version = "0.1.0"
dependencies = [
 "noct-logger",
]

[[package]]
name = "noct-pci"
version = "0.1.0"
dependencies = [
 "cbindgen",
 "noct-il",
 "noct-logger",
 "noct-timer",
 "spin 0.10.0",
 "x86",
]

[[package]]
name = "noct-physmem"
version = "0.1.0"
dependencies = [
 "bindgen",
]

[[package]]
name = "noct-ps2"
version = "0.1.0"
dependencies = [
 "noct-input",
 "noct-interrupts",
 "noct-logger",
 "x86",
]

[[package]]
name = "noct-psf"
version = "0.1.0"
dependencies = [
 "noct-fs",
 "noct-logger",
 "noct-screen",
]

[[package]]
name = "noct-sched"
version = "0.1.0"
dependencies = [
 "bindgen",
]

[[package]]
name = "noct-screen"
version = "0.1.0"
dependencies = [
 "bindgen",
 "noct-logger",
]

[[package]]
name = "noct-shell"
version = "0.1.0"
dependencies = [
 "elf",
 "eni-player",
 "noct-diskman",
 "noct-fileio",
 "noct-fs",
 "noct-fs-sys",
 "noct-il",
 "noct-input",
 "noct-io",
 "noct-logger",
 "noct-mem",
 "noct-path",
 "noct-pci",
 "noct-sched",
 "noct-screen",
 "noct-smbios",
 "noct-sys",
 "noct-time",
 "noct-timer",
 "noct-tools",
 "noct-tty",
 "pavi",
 "raw-cpuid 11.6.0",
]

[[package]]
name = "noct-smbios"
version = "0.1.0"

[[package]]
name = "noct-sys"
version = "0.1.0"

[[package]]
name = "noct-tarfs"
version = "0.1.0"
dependencies = [
 "cbindgen",
 "no_std_io",
 "noct-diskman",
 "noct-fs-sys",
 "noct-logger",
 "noct-tools",
 "tarfs",
]

[[package]]
name = "noct-time"
version = "0.1.0"
dependencies = [
 "bindgen",
]

[[package]]
name = "noct-timer"
version = "0.1.0"

[[package]]
name = "noct-tools"
version = "0.1.0"
dependencies = [
 "noct-mem",
]

[[package]]
name = "noct-tty"
version = "0.1.0"
dependencies = [
 "cbindgen",
 "lazy_static",
 "noct-logger",
 "noct-psf",
 "noct-screen",
 "spin 0.10.0",
]

[[package]]
name = "noctfs"
version = "0.1.1"
source = "git+https://github.com/NDRAEY/noctfs#f071540f312d5bac50f6f15ec660fadbe509c54b"
dependencies = [
 "bitflags 2.10.0",
 "no_std_io",
]

[[package]]
name = "nocturne"
version = "0.1.0"
dependencies = [
 "elf",
 "eni-player",
 "lazy_static",
 "noct-alloc",
 "noct-audio",
 "noct-diskman",
 "noct-elfloader",
 "noct-fatfs",
 "noct-fileio",
 "noct-fs",
 "noct-fs-sys",
 "noct-il",
 "noct-input",
 "noct-interrupts",
 "noct-ipc",
 "noct-iso9660",
 "noct-ksymparser",
 "noct-logger",
 "noct-mem",
 "noct-noctfs",
 "noct-nvfs",
 "noct-path",
 "noct-pci",
 "noct-ps2",
 "noct-psf",
 "noct-sched",
 "noct-screen",
 "noct-shell",
 "noct-smbios",
 "noct-tarfs",
 "noct-time",
 "noct-timer",
 "noct-tty",
 "pavi",
 "raw-cpuid 11.6.0",
 "spin 0.10.0",
 "x86",
]

[[package]]
name = "nom"
version = "7.1.3"
source = "registry+https://github.com/rust-lang/crates.io-index"
checksum = "d273983c5a657a70a3e8f2a01329822f3b8c8172b73826411a55751e404a0a4a"
dependencies = [
 "memchr",
 "minimal-lexical",
]

[[package]]
name = "num-derive"
version = "0.4.2"
source = "registry+https://github.com/rust-lang/crates.io-index"
checksum = "ed3955f1a9c7c0c15e092f9c887db08b1fc683305fdf6eb6684f22555355e202"
dependencies = [
 "proc-macro2",
 "quote",
 "syn",
]

[[package]]
name = "num-traits"
version = "0.2.19"
source = "registry+https://github.com/rust-lang/crates.io-index"
checksum = "071dfc062690e90b734c0b2273ce72ad0ffa95f0c74596bc250dcfd960262841"
dependencies = [
 "autocfg",
]

[[package]]
name = "nwav"
version = "0.1.2"
source = "git+https://github.com/NDRAEY/nwav#462ab77c4fb80f5ee1ac64e91cdd96c01a67e3e3"

[[package]]
name = "once_cell"
version = "1.21.3"
source = "registry+https://github.com/rust-lang/crates.io-index"
checksum = "42f5e15c9953c5e4ccceeb2e7382a716482c34515315f7b03532b8b4e8393d2d"

[[package]]
name = "once_cell_polyfill"
version = "1.70.2"
source = "registry+https://github.com/rust-lang/crates.io-index"
checksum = "384b8ab6d37215f3c5301a95a4accb5d64aa607f1fcb26a11b5303878451b4fe"

[[package]]
name = "pavi"
version = "0.1.0"
dependencies = [
 "embedded-canvas",
 "embedded-graphics",
 "embedded-layout",
 "nimage",
 "noct-fs",
 "noct-input",
 "noct-logger",
 "noct-screen",
 "noct-tty",
]

[[package]]
name = "prettyplease"
version = "0.2.37"
source = "registry+https://github.com/rust-lang/crates.io-index"
checksum = "479ca8adacdd7ce8f1fb39ce9ecccbfe93a3f1344b3d0d97f20bc0196208f62b"
dependencies = [
 "proc-macro2",
 "syn",
]

[[package]]
name = "proc-macro2"
version = "1.0.104"
source = "registry+https://github.com/rust-lang/crates.io-index"
checksum = "9695f8df41bb4f3d222c95a67532365f569318332d03d5f3f67f37b20e6ebdf0"
dependencies = [
 "unicode-ident",
]

[[package]]
name = "quote"
version = "1.0.42"
source = "registry+https://github.com/rust-lang/crates.io-index"
checksum = "a338cc41d27e6cc6dce6cefc13a0729dfbb81c262b1f519331575dd80ef3067f"
dependencies = [
 "proc-macro2",
]

[[package]]
name = "r-efi"
version = "5.3.0"
source = "registry+https://github.com/rust-lang/crates.io-index"
checksum = "69cdb34c158ceb288df11e18b4bd39de994f6657d83847bdffdbd7f346754b0f"

[[package]]
name = "raw-cpuid"
version = "10.7.0"
source = "registry+https://github.com/rust-lang/crates.io-index"
checksum = "6c297679cb867470fa8c9f67dbba74a78d78e3e98d7cf2b08d6d71540f797332"
dependencies = [
 "bitflags 1.3.2",
]

[[package]]
name = "raw-cpuid"
version = "11.6.0"
source = "registry+https://github.com/rust-lang/crates.io-index"
checksum = "498cd0dc59d73224351ee52a95fee0f1a617a2eae0e7d9d720cc622c73a54186"
dependencies = [
 "bitflags 2.10.0",
]

[[package]]
name = "regex"
version = "1.12.2"
source = "registry+https://github.com/rust-lang/crates.io-index"
checksum = "843bc0191f75f3e22651ae5f1e72939ab2f72a4bc30fa80a066bd66edefc24d4"
dependencies = [
 "aho-corasick",
 "memchr",
 "regex-automata",
 "regex-syntax",
]

[[package]]
name = "regex-automata"
version = "0.4.13"
source = "registry+https://github.com/rust-lang/crates.io-index"
checksum = "5276caf25ac86c8d810222b3dbb938e512c55c6831a10f3e6ed1c93b84041f1c"
dependencies = [
 "aho-corasick",
 "memchr",
 "regex-syntax",
]

[[package]]
name = "regex-syntax"
version = "0.8.8"
source = "registry+https://github.com/rust-lang/crates.io-index"
checksum = "7a2d987857b319362043e95f5353c0535c1f58eec5336fdfcf626430af7def58"

[[package]]
name = "rustc-hash"
version = "2.1.1"
source = "registry+https://github.com/rust-lang/crates.io-index"
checksum = "357703d41365b4b27c590e3ed91eabb1b663f07c4c084095e60cbed4362dff0d"

[[package]]
name = "rustix"
version = "1.1.3"
source = "registry+https://github.com/rust-lang/crates.io-index"
checksum = "146c9e247ccc180c1f61615433868c99f3de3ae256a30a43b49f67c2d9171f34"
dependencies = [
 "bitflags 2.10.0",
 "errno",
 "libc",
 "linux-raw-sys",
 "windows-sys",
]

[[package]]
name = "scopeguard"
version = "1.2.0"
source = "registry+https://github.com/rust-lang/crates.io-index"
checksum = "94143f37725109f92c262ed2cf5e59bce7498c01bcc1502d7b9afe439a4e9f49"

[[package]]
name = "serde"
version = "1.0.228"
source = "registry+https://github.com/rust-lang/crates.io-index"
checksum = "9a8e94ea7f378bd32cbbd37198a4a91436180c5bb472411e48b5ec2e2124ae9e"
dependencies = [
 "serde_core",
 "serde_derive",
]

[[package]]
name = "serde_core"
version = "1.0.228"
source = "registry+https://github.com/rust-lang/crates.io-index"
checksum = "41d385c7d4ca58e59fc732af25c3983b67ac852c1a25000afe1175de458b67ad"
dependencies = [
 "serde_derive",
]

[[package]]
name = "serde_derive"
version = "1.0.228"
source = "registry+https://github.com/rust-lang/crates.io-index"
checksum = "d540f220d3187173da220f885ab66608367b6574e925011a9353e4badda91d79"
dependencies = [
 "proc-macro2",
 "quote",
 "syn",
]

[[package]]
name = "serde_json"
version = "1.0.148"
source = "registry+https://github.com/rust-lang/crates.io-index"
checksum = "3084b546a1dd6289475996f182a22aba973866ea8e8b02c51d9f46b1336a22da"
dependencies = [
 "itoa",
 "memchr",
 "serde",
 "serde_core",
 "zmij",
]

[[package]]
name = "serde_spanned"
version = "1.0.4"
source = "registry+https://github.com/rust-lang/crates.io-index"
checksum = "f8bbf91e5a4d6315eee45e704372590b30e260ee83af6639d64557f51b067776"
dependencies = [
 "serde_core",
]

[[package]]
name = "shlex"
version = "1.3.0"
source = "registry+https://github.com/rust-lang/crates.io-index"
checksum = "0fda2ff0d084019ba4d7c6f371c95d8fd75ce3524c3cb8fb653a3023f6323e64"

[[package]]
name = "spin"
version = "0.9.8"
source = "registry+https://github.com/rust-lang/crates.io-index"
checksum = "6980e8d7511241f8acf4aebddbb1ff938df5eebe98691418c4468d0b72a96a67"

[[package]]
name = "spin"
version = "0.10.0"
source = "registry+https://github.com/rust-lang/crates.io-index"
checksum = "d5fe4ccb98d9c292d56fec89a5e07da7fc4cf0dc11e156b41793132775d3e591"
dependencies = [
 "lock_api",
]

[[package]]
name = "strsim"
version = "0.11.1"
source = "registry+https://github.com/rust-lang/crates.io-index"
checksum = "7da8b5736845d9f2fcb837ea5d9e2628564b3b043a70948a3f0b778838c5fb4f"

[[package]]
name = "syn"
version = "2.0.111"
source = "registry+https://github.com/rust-lang/crates.io-index"
checksum = "390cc9a294ab71bdb1aa2e99d13be9c753cd2d7bd6560c77118597410c4d2e87"
dependencies = [
 "proc-macro2",
 "quote",
 "unicode-ident",
]

[[package]]
name = "tarfs"
version = "0.2.5"
source = "registry+https://github.com/rust-lang/crates.io-index"
checksum = "10365ff7d6e395b75ebe40a3b6cb3ac67a336237b3254b1a2e73af0373c71840"
dependencies = [
 "no_std_io",
]

[[package]]
name = "tempfile"
version = "3.24.0"
source = "registry+https://github.com/rust-lang/crates.io-index"
checksum = "655da9c7eb6305c55742045d5a8d2037996d61d8de95806335c7c86ce0f82e9c"
dependencies = [
 "fastrand",
 "getrandom",
 "once_cell",
 "rustix",
 "windows-sys",
]

[[package]]
name = "tinytga"
version = "0.5.0"
source = "registry+https://github.com/rust-lang/crates.io-index"
checksum = "477839bd612acb4d0551915eaf6eef8cc1b3a9dd58e18e9c2b746c78614a25d5"
dependencies = [
 "embedded-graphics",
 "nom",
]

[[package]]
name = "toml"
version = "0.9.10+spec-1.1.0"
source = "registry+https://github.com/rust-lang/crates.io-index"
checksum = "0825052159284a1a8b4d6c0c86cbc801f2da5afd2b225fa548c72f2e74002f48"
dependencies = [
 "indexmap",
 "serde_core",
 "serde_spanned",
 "toml_datetime",
 "toml_parser",
 "toml_writer",
 "winnow",
]

[[package]]
name = "toml_datetime"
version = "0.7.5+spec-1.1.0"
source = "registry+https://github.com/rust-lang/crates.io-index"
checksum = "92e1cfed4a3038bc5a127e35a2d360f145e1f4b971b551a2ba5fd7aedf7e1347"
dependencies = [
 "serde_core",
]

[[package]]
name = "toml_parser"
version = "1.0.6+spec-1.1.0"
source = "registry+https://github.com/rust-lang/crates.io-index"
checksum = "a3198b4b0a8e11f09dd03e133c0280504d0801269e9afa46362ffde1cbeebf44"
dependencies = [
 "winnow",
]

[[package]]
name = "toml_writer"
version = "1.0.6+spec-1.1.0"
source = "registry+https://github.com/rust-lang/crates.io-index"
checksum = "ab16f14aed21ee8bfd8ec22513f7287cd4a91aa92e44edfe2c17ddd004e92607"

[[package]]
name = "ucs2"
version = "0.3.3"
source = "registry+https://github.com/rust-lang/crates.io-index"
checksum = "df79298e11f316400c57ec268f3c2c29ac3c4d4777687955cd3d4f3a35ce7eba"
dependencies = [
 "bit_field",
]

[[package]]
name = "unicode-ident"
version = "1.0.22"
source = "registry+https://github.com/rust-lang/crates.io-index"
checksum = "9312f7c4f6ff9069b165498234ce8be658059c6728633667c526e27dc2cf1df5"

[[package]]
name = "utf8parse"
version = "0.2.2"
source = "registry+https://github.com/rust-lang/crates.io-index"
checksum = "06abde3611657adf66d383f00b093d7faecc7fa57071cce2578660c9f1010821"

[[package]]
name = "wasip2"
version = "1.0.1+wasi-0.2.4"
source = "registry+https://github.com/rust-lang/crates.io-index"
checksum = "0562428422c63773dad2c345a1882263bbf4d65cf3f42e90921f787ef5ad58e7"
dependencies = [
 "wit-bindgen",
]

[[package]]
name = "windows-link"
version = "0.2.1"
source = "registry+https://github.com/rust-lang/crates.io-index"
checksum = "f0805222e57f7521d6a62e36fa9163bc891acd422f971defe97d64e70d0a4fe5"

[[package]]
name = "windows-sys"
version = "0.61.2"
source = "registry+https://github.com/rust-lang/crates.io-index"
checksum = "ae137229bcbd6cdf0f7b80a31df61766145077ddf49416a728b02cb3921ff3fc"
dependencies = [
 "windows-link",
]

[[package]]
name = "winnow"
version = "0.7.14"
source = "registry+https://github.com/rust-lang/crates.io-index"
checksum = "5a5364e9d77fcdeeaa6062ced926ee3381faa2ee02d3eb83a5c27a8825540829"

[[package]]
name = "wit-bindgen"
version = "0.46.0"
source = "registry+https://github.com/rust-lang/crates.io-index"
checksum = "f17a85883d4e6d00e8a97c586de764dabcc06133f7f1d55dce5cdc070ad7fe59"

[[package]]
name = "x86"
version = "0.52.0"
source = "registry+https://github.com/rust-lang/crates.io-index"
checksum = "2781db97787217ad2a2845c396a5efe286f87467a5810836db6d74926e94a385"
dependencies = [
 "bit_field",
 "bitflags 1.3.2",
 "raw-cpuid 10.7.0",
]

[[package]]
name = "zmij"
version = "1.0.3"
source = "registry+https://github.com/rust-lang/crates.io-index"
checksum = "e9747e91771f56fd7893e1164abd78febd14a670ceec257caad15e051de35f06"
